{
  "version": "4",
  "specifiers": {
    "jsr:@std/assert@1": "1.0.10",
    "jsr:@std/internal@^1.0.5": "1.0.5",
    "npm:@types/node@*": "22.5.4",
    "npm:fluent-ffmpeg@*": "2.1.3",
    "npm:seyfert@2.1.1-dev-12523954971.0": "2.1.1-dev-12523954971.0",
    "npm:seyfert@dev": "2.1.1-dev-12522165110.0"
  },
  "jsr": {
    "@std/assert@1.0.10": {
      "integrity": "59b5cbac5bd55459a19045d95cc7c2ff787b4f8527c0dd195078ff6f9481fbb3",
      "dependencies": [
        "jsr:@std/internal"
      ]
    },
    "@std/internal@1.0.5": {
      "integrity": "54a546004f769c1ac9e025abd15a76b6671ddc9687e2313b67376125650dc7ba"
    }
  },
  "npm": {
    "@types/node@22.5.4": {
      "integrity": "sha512-FDuKUJQm/ju9fT/SeX/6+gBzoPzlVCzfzmGkwKvRHQVxi4BntVbyIwf6a4Xn62mrvndLiml6z/UBXIdEVjQLXg==",
      "dependencies": [
        "undici-types"
      ]
    },
    "async@0.2.10": {
      "integrity": "sha512-eAkdoKxU6/LkKDBzLpT+t6Ff5EtfSF4wx1WfJiPEEV7WNLnDaRXk0oVysiEPm262roaachGexwUv94WhSgN5TQ=="
    },
    "fluent-ffmpeg@2.1.3": {
      "integrity": "sha512-Be3narBNt2s6bsaqP6Jzq91heDgOEaDCJAXcE3qcma/EJBSy5FB4cvO31XBInuAuKBx8Kptf8dkhjK0IOru39Q==",
      "dependencies": [
        "async",
        "which"
      ]
    },
    "isexe@2.0.0": {
      "integrity": "sha512-RHxMLp9lnKHGHRng9QFhRCMbYAcVpn69smSGcq3f36xjgVVWThj4qqLbTLlq7Ssj8B+fIQ1EuCEGI2lKsyQeIw=="
    },
    "seyfert@2.1.1-dev-12522165110.0": {
      "integrity": "sha512-3C9ufs0aa05l2w48rxNCsFZsa7w1uO0XjquoSWDXgpf3o13xD6QlYI635rreE1c5ck0TmdoedlU42PbItEvBuw=="
    },
    "seyfert@2.1.1-dev-12523954971.0": {
      "integrity": "sha512-fLZlOGoPfXTiQiaMUxYTNtzfZv9I0KBfw+fvIxcXYpBn3z5eJPGiBLttcGR4FIGwmHSnxLrbmePVyAjw2C38/Q=="
    },
    "undici-types@6.19.8": {
      "integrity": "sha512-ve2KP6f/JnbPBFyobGHuerC9g1FYGn/F8n1LWTwNxCEzd6IfqTwUQcNXgEtmmQ6DlRrC1hrSrBnCZPokRrDHjw=="
    },
    "which@1.3.1": {
      "integrity": "sha512-HxJdYWq1MTIQbJ3nw0cqssHoTNU267KlrDuGZ1WYlxDStUtKUhOaJmh112/TZmHxxUfuJqPXSOm7tDyas0OSIQ==",
      "dependencies": [
        "isexe"
      ]
    }
  },
  "workspace": {
    "members": {
      "apps/bot": {
        "dependencies": [
          "jsr:@std/assert@1",
          "npm:seyfert@2.1.1-dev-12523954971.0"
        ]
      },
      "apps/serve": {
        "dependencies": [
          "jsr:@std/assert@1",
          "npm:seyfert@dev"
        ]
      },
      "website": {
        "dependencies": [
          "jsr:@std/assert@1"
        ]
      }
    }
  }
}
